// !$*UTF8*$!
{
	archiveVersion = 1;
	classes = {
	};
	objectVersion = 77;
	objects = {

/* Begin PBXContainerItemProxy section */
		3C7FD4FF2E16A2CC00589D61 /* PBXContainerItemProxy */ = {
			isa = PBXContainerItemProxy;
			containerPortal = 3C7FD4E92E16A2CB00589D61 /* Project object */;
			proxyType = 1;
			remoteGlobalIDString = 3C7FD4F02E16A2CB00589D61;
			remoteInfo = InternshipProject;
		};
		3C7FD5092E16A2CC00589D61 /* PBXContainerItemProxy */ = {
			isa = PBXContainerItemProxy;
			containerPortal = 3C7FD4E92E16A2CB00589D61 /* Project object */;
			proxyType = 1;
			remoteGlobalIDString = 3C7FD4F02E16A2CB00589D61;
			remoteInfo = InternshipProject;
		};
/* End PBXContainerItemProxy section */

/* Begin PBXFileReference section */
		3C7FD4F12E16A2CB00589D61 /* InternshipProject.app */ = {isa = PBXFileReference; explicitFileType = wrapper.application; includeInIndex = 0; path = InternshipProject.app; sourceTree = BUILT_PRODUCTS_DIR; };
		3C7FD4FE2E16A2CC00589D61 /* InternshipProjectTests.xctest */ = {isa = PBXFileReference; explicitFileType = wrapper.cfbundle; includeInIndex = 0; path = InternshipProjectTests.xctest; sourceTree = BUILT_PRODUCTS_DIR; };
		3C7FD5082E16A2CC00589D61 /* InternshipProjectUITests.xctest */ = {isa = PBXFileReference; explicitFileType = wrapper.cfbundle; includeInIndex = 0; path = InternshipProjectUITests.xctest; sourceTree = BUILT_PRODUCTS_DIR; };
/* End PBXFileReference section */

/* Begin PBXFileSystemSynchronizedRootGroup section */
		3C7FD4F32E16A2CB00589D61 /* InternshipProject */ = {
			isa = PBXFileSystemSynchronizedRootGroup;
			path = InternshipProject;
			sourceTree = "<group>";
		};
		3C7FD5012E16A2CC00589D61 /* InternshipProjectTests */ = {
			isa = PBXFileSystemSynchronizedRootGroup;
			path = InternshipProjectTests;
			sourceTree = "<group>";
		};
		3C7FD50B2E16A2CC00589D61 /* InternshipProjectUITests */ = {
			isa = PBXFileSystemSynchronizedRootGroup;
			path = InternshipProjectUITests;
			sourceTree = "<group>";
		};
/* End PBXFileSystemSynchronizedRootGroup section */

/* Begin PBXFrameworksBuildPhase section */
		3C7FD4EE2E16A2CB00589D61 /* Frameworks */ = {
			isa = PBXFrameworksBuildPhase;
			buildActionMask = 2147483647;
			files = (
			);
			runOnlyForDeploymentPostprocessing = 0;
		};
		3C7FD4FB2E16A2CC00589D61 /* Frameworks */ = {
			isa = PBXFrameworksBuildPhase;
			buildActionMask = 2147483647;
			files = (
			);
			runOnlyForDeploymentPostprocessing = 0;
		};
		3C7FD5052E16A2CC00589D61 /* Frameworks */ = {
			isa = PBXFrameworksBuildPhase;
			buildActionMask = 2147483647;
			files = (
			);
			runOnlyForDeploymentPostprocessing = 0;
		};
/* End PBXFrameworksBuildPhase section */

/* Begin PBXGroup section */
		3C7FD4E82E16A2CB00589D61 = {
			isa = PBXGroup;
			children = (
				3C7FD4F32E16A2CB00589D61 /* InternshipProject */,
				3C7FD5012E16A2CC00589D61 /* InternshipProjectTests */,
				3C7FD50B2E16A2CC00589D61 /* InternshipProjectUITests */,
				3C7FD4F22E16A2CB00589D61 /* Products */,
			);
			sourceTree = "<group>";
		};
		3C7FD4F22E16A2CB00589D61 /* Products */ = {
			isa = PBXGroup;
			children = (
				3C7FD4F12E16A2CB00589D61 /* InternshipProject.app */,
				3C7FD4FE2E16A2CC00589D61 /* InternshipProjectTests.xctest */,
				3C7FD5082E16A2CC00589D61 /* InternshipProjectUITests.xctest */,
			);
			name = Products;
			sourceTree = "<group>";
		};
/* End PBXGroup section */

/* Begin PBXNativeTarget section */
		3C7FD4F02E16A2CB00589D61 /* InternshipProject */ = {
			isa = PBXNativeTarget;
			buildConfigurationList = 3C7FD5122E16A2CC00589D61 /* Build configuration list for PBXNativeTarget "InternshipProject" */;
			buildPhases = (
				3C7FD4ED2E16A2CB00589D61 /* Sources */,
				3C7FD4EE2E16A2CB00589D61 /* Frameworks */,
				3C7FD4EF2E16A2CB00589D61 /* Resources */,
			);
			buildRules = (
			);
			dependencies = (
			);
			fileSystemSynchronizedGroups = (
				3C7FD4F32E16A2CB00589D61 /* InternshipProject */,
			);
			name = InternshipProject;
			packageProductDependencies = (
			);
			productName = InternshipProject;
			productReference = 3C7FD4F12E16A2CB00589D61 /* InternshipProject.app */;
			productType = "com.apple.product-type.application";
		};
		3C7FD4FD2E16A2CC00589D61 /* InternshipProjectTests */ = {
			isa = PBXNativeTarget;
			buildConfigurationList = 3C7FD5152E16A2CC00589D61 /* Build configuration list for PBXNativeTarget "InternshipProjectTests" */;
			buildPhases = (
				3C7FD4FA2E16A2CC00589D61 /* Sources */,
				3C7FD4FB2E16A2CC00589D61 /* Frameworks */,
				3C7FD4FC2E16A2CC00589D61 /* Resources */,
			);
			buildRules = (
			);
			dependencies = (
				3C7FD5002E16A2CC00589D61 /* PBXTargetDependency */,
			);
			fileSystemSynchronizedGroups = (
				3C7FD5012E16A2CC00589D61 /* InternshipProjectTests */,
			);
			name = InternshipProjectTests;
			packageProductDependencies = (
			);
			productName = InternshipProjectTests;
			productReference = 3C7FD4FE2E16A2CC00589D61 /* InternshipProjectTests.xctest */;
			productType = "com.apple.product-type.bundle.unit-test";
		};
		3C7FD5072E16A2CC00589D61 /* InternshipProjectUITests */ = {
			isa = PBXNativeTarget;
			buildConfigurationList = 3C7FD5182E16A2CC00589D61 /* Build configuration list for PBXNativeTarget "InternshipProjectUITests" */;
			buildPhases = (
				3C7FD5042E16A2CC00589D61 /* Sources */,
				3C7FD5052E16A2CC00589D61 /* Frameworks */,
				3C7FD5062E16A2CC00589D61 /* Resources */,
			);
			buildRules = (
			);
			dependencies = (
				3C7FD50A2E16A2CC00589D61 /* PBXTargetDependency */,
			);
			fileSystemSynchronizedGroups = (
				3C7FD50B2E16A2CC00589D61 /* InternshipProjectUITests */,
			);
			name = InternshipProjectUITests;
			packageProductDependencies = (
			);
			productName = InternshipProjectUITests;
			productReference = 3C7FD5082E16A2CC00589D61 /* InternshipProjectUITests.xctest */;
			productType = "com.apple.product-type.bundle.ui-testing";
		};
/* End PBXNativeTarget section */

/* Begin PBXProject section */
		3C7FD4E92E16A2CB00589D61 /* Project object */ = {
			isa = PBXProject;
			attributes = {
				BuildIndependentTargetsInParallel = 1;
				LastSwiftUpdateCheck = 1640;
				LastUpgradeCheck = 1640;
				TargetAttributes = {
					3C7FD4F02E16A2CB00589D61 = {
						CreatedOnToolsVersion = 16.4;
					};
					3C7FD4FD2E16A2CC00589D61 = {
						CreatedOnToolsVersion = 16.4;
						TestTargetID = 3C7FD4F02E16A2CB00589D61;
					};
					3C7FD5072E16A2CC00589D61 = {
						CreatedOnToolsVersion = 16.4;
						TestTargetID = 3C7FD4F02E16A2CB00589D61;
					};
				};
			};
			buildConfigurationList = 3C7FD4EC2E16A2CB00589D61 /* Build configuration list for PBXProject "InternshipProject" */;
			developmentRegion = en;
			hasScannedForEncodings = 0;
			knownRegions = (
				en,
				Base,
			);
			mainGroup = 3C7FD4E82E16A2CB00589D61;
			minimizedProjectReferenceProxies = 1;
			preferredProjectObjectVersion = 77;
			productRefGroup = 3C7FD4F22E16A2CB00589D61 /* Products */;
			projectDirPath = "";
			projectRoot = "";
			targets = (
				3C7FD4F02E16A2CB00589D61 /* InternshipProject */,
				3C7FD4FD2E16A2CC00589D61 /* InternshipProjectTests */,
				3C7FD5072E16A2CC00589D61 /* InternshipProjectUITests */,
			);
		};
/* End PBXProject section */

/* Begin PBXResourcesBuildPhase section */
		3C7FD4EF2E16A2CB00589D61 /* Resources */ = {
			isa = PBXResourcesBuildPhase;
			buildActionMask = 2147483647;
			files = (
			);
			runOnlyForDeploymentPostprocessing = 0;
		};
		3C7FD4FC2E16A2CC00589D61 /* Resources */ = {
			isa = PBXResourcesBuildPhase;
			buildActionMask = 2147483647;
			files = (
			);
			runOnlyForDeploymentPostprocessing = 0;
		};
		3C7FD5062E16A2CC00589D61 /* Resources */ = {
			isa = PBXResourcesBuildPhase;
			buildActionMask = 2147483647;
			files = (
			);
			runOnlyForDeploymentPostprocessing = 0;
		};
/* End PBXResourcesBuildPhase section */

/* Begin PBXSourcesBuildPhase section */
		3C7FD4ED2E16A2CB00589D61 /* Sources */ = {
			isa = PBXSourcesBuildPhase;
			buildActionMask = 2147483647;
			files = (
			);
			runOnlyForDeploymentPostprocessing = 0;
		};
		3C7FD4FA2E16A2CC00589D61 /* Sources */ = {
			isa = PBXSourcesBuildPhase;
			buildActionMask = 2147483647;
			files = (
			);
			runOnlyForDeploymentPostprocessing = 0;
		};
		3C7FD5042E16A2CC00589D61 /* Sources */ = {
			isa = PBXSourcesBuildPhase;
			buildActionMask = 2147483647;
			files = (
			);
			runOnlyForDeploymentPostprocessing = 0;
		};
/* End PBXSourcesBuildPhase section */

/* Begin PBXTargetDependency section */
		3C7FD5002E16A2CC00589D61 /* PBXTargetDependency */ = {
			isa = PBXTargetDependency;
			target = 3C7FD4F02E16A2CB00589D61 /* InternshipProject */;
			targetProxy = 3C7FD4FF2E16A2CC00589D61 /* PBXContainerItemProxy */;
		};
		3C7FD50A2E16A2CC00589D61 /* PBXTargetDependency */ = {
			isa = PBXTargetDependency;
			target = 3C7FD4F02E16A2CB00589D61 /* InternshipProject */;
			targetProxy = 3C7FD5092E16A2CC00589D61 /* PBXContainerItemProxy */;
		};
/* End PBXTargetDependency section */

/* Begin XCBuildConfiguration section */
		3C7FD5102E16A2CC00589D61 /* Debug */ = {
			isa = XCBuildConfiguration;
			buildSettings = {
				ALWAYS_SEARCH_USER_PATHS = NO;
				ASSETCATALOG_COMPILER_GENERATE_SWIFT_ASSET_SYMBOL_EXTENSIONS = YES;
				CLANG_ANALYZER_NONNULL = YES;
				CLANG_ANALYZER_NUMBER_OBJECT_CONVERSION = YES_AGGRESSIVE;
				CLANG_CXX_LANGUAGE_STANDARD = "gnu++20";
				CLANG_ENABLE_MODULES = YES;
				CLANG_ENABLE_OBJC_ARC = YES;
				CLANG_ENABLE_OBJC_WEAK = YES;
				CLANG_WARN_BLOCK_CAPTURE_AUTORELEASING = YES;
				CLANG_WARN_BOOL_CONVERSION = YES;
				CLANG_WARN_COMMA = YES;
				CLANG_WARN_CONSTANT_CONVERSION = YES;
				CLANG_WARN_DEPRECATED_OBJC_IMPLEMENTATIONS = YES;
				CLANG_WARN_DIRECT_OBJC_ISA_USAGE = YES_ERROR;
				CLANG_WARN_DOCUMENTATION_COMMENTS = YES;
				CLANG_WARN_EMPTY_BODY = YES;
				CLANG_WARN_ENUM_CONVERSION = YES;
				CLANG_WARN_INFINITE_RECURSION = YES;
				CLANG_WARN_INT_CONVERSION = YES;
				CLANG_WARN_NON_LITERAL_NULL_CONVERSION = YES;
				CLANG_WARN_OBJC_IMPLICIT_RETAIN_SELF = YES;
				CLANG_WARN_OBJC_LITERAL_CONVERSION = YES;
				CLANG_WARN_OBJC_ROOT_CLASS = YES_ERROR;
				CLANG_WARN_QUOTED_INCLUDE_IN_FRAMEWORK_HEADER = YES;
				CLANG_WARN_RANGE_LOOP_ANALYSIS = YES;
				CLANG_WARN_STRICT_PROTOTYPES = YES;
				CLANG_WARN_SUSPICIOUS_MOVE = YES;
				CLANG_WARN_UNGUARDED_AVAILABILITY = YES_AGGRESSIVE;
				CLANG_WARN_UNREACHABLE_CODE = YES;
				CLANG_WARN__DUPLICATE_METHOD_MATCH = YES;
				COPY_PHASE_STRIP = NO;
				DEBUG_INFORMATION_FORMAT = dwarf;
				ENABLE_STRICT_OBJC_MSGSEND = YES;
				ENABLE_TESTABILITY = YES;
				ENABLE_USER_SCRIPT_SANDBOXING = YES;
				GCC_C_LANGUAGE_STANDARD = gnu17;
				GCC_DYNAMIC_NO_PIC = NO;
				GCC_NO_COMMON_BLOCKS = YES;
				GCC_OPTIMIZATION_LEVEL = 0;
				GCC_PREPROCESSOR_DEFINITIONS = (
					"DEBUG=1",
					"$(inherited)",
				);
				GCC_WARN_64_TO_32_BIT_CONVERSION = YES;
				GCC_WARN_ABOUT_RETURN_TYPE = YES_ERROR;
				GCC_WARN_UNDECLARED_SELECTOR = YES;
				GCC_WARN_UNINITIALIZED_AUTOS = YES_AGGRESSIVE;
				GCC_WARN_UNUSED_FUNCTION = YES;
				GCC_WARN_UNUSED_VARIABLE = YES;
				IPHONEOS_DEPLOYMENT_TARGET = 18.5;
				LOCALIZATION_PREFERS_STRING_CATALOGS = YES;
				MTL_ENABLE_DEBUG_INFO = INCLUDE_SOURCE;
				MTL_FAST_MATH = YES;
				ONLY_ACTIVE_ARCH = YES;
				SDKROOT = iphoneos;
				SWIFT_ACTIVE_COMPILATION_CONDITIONS = "DEBUG $(inherited)";
				SWIFT_OPTIMIZATION_LEVEL = "-Onone";
			};
			name = Debug;
		};
		3C7FD5112E16A2CC00589D61 /* Release */ = {
			isa = XCBuildConfiguration;
			buildSettings = {
				ALWAYS_SEARCH_USER_PATHS = NO;
				ASSETCATALOG_COMPILER_GENERATE_SWIFT_ASSET_SYMBOL_EXTENSIONS = YES;
				CLANG_ANALYZER_NONNULL = YES;
				CLANG_ANALYZER_NUMBER_OBJECT_CONVERSION = YES_AGGRESSIVE;
				CLANG_CXX_LANGUAGE_STANDARD = "gnu++20";
				CLANG_ENABLE_MODULES = YES;
				CLANG_ENABLE_OBJC_ARC = YES;
				CLANG_ENABLE_OBJC_WEAK = YES;
				CLANG_WARN_BLOCK_CAPTURE_AUTORELEASING = YES;
				CLANG_WARN_BOOL_CONVERSION = YES;
				CLANG_WARN_COMMA = YES;
				CLANG_WARN_CONSTANT_CONVERSION = YES;
				CLANG_WARN_DEPRECATED_OBJC_IMPLEMENTATIONS = YES;
				CLANG_WARN_DIRECT_OBJC_ISA_USAGE = YES_ERROR;
				CLANG_WARN_DOCUMENTATION_COMMENTS = YES;
				CLANG_WARN_EMPTY_BODY = YES;
				CLANG_WARN_ENUM_CONVERSION = YES;
				CLANG_WARN_INFINITE_RECURSION = YES;
				CLANG_WARN_INT_CONVERSION = YES;
				CLANG_WARN_NON_LITERAL_NULL_CONVERSION = YES;
				CLANG_WARN_OBJC_IMPLICIT_RETAIN_SELF = YES;
				CLANG_WARN_OBJC_LITERAL_CONVERSION = YES;
				CLANG_WARN_OBJC_ROOT_CLASS = YES_ERROR;
				CLANG_WARN_QUOTED_INCLUDE_IN_FRAMEWORK_HEADER = YES;
				CLANG_WARN_RANGE_LOOP_ANALYSIS = YES;
				CLANG_WARN_STRICT_PROTOTYPES = YES;
				CLANG_WARN_SUSPICIOUS_MOVE = YES;
				CLANG_WARN_UNGUARDED_AVAILABILITY = YES_AGGRESSIVE;
				CLANG_WARN_UNREACHABLE_CODE = YES;
				CLANG_WARN__DUPLICATE_METHOD_MATCH = YES;
				COPY_PHASE_STRIP = NO;
				DEBUG_INFORMATION_FORMAT = "dwarf-with-dsym";
				ENABLE_NS_ASSERTIONS = NO;
				ENABLE_STRICT_OBJC_MSGSEND = YES;
				ENABLE_USER_SCRIPT_SANDBOXING = YES;
				GCC_C_LANGUAGE_STANDARD = gnu17;
				GCC_NO_COMMON_BLOCKS = YES;
				GCC_WARN_64_TO_32_BIT_CONVERSION = YES;
				GCC_WARN_ABOUT_RETURN_TYPE = YES_ERROR;
				GCC_WARN_UNDECLARED_SELECTOR = YES;
				GCC_WARN_UNINITIALIZED_AUTOS = YES_AGGRESSIVE;
				GCC_WARN_UNUSED_FUNCTION = YES;
				GCC_WARN_UNUSED_VARIABLE = YES;
				IPHONEOS_DEPLOYMENT_TARGET = 18.5;
				LOCALIZATION_PREFERS_STRING_CATALOGS = YES;
				MTL_ENABLE_DEBUG_INFO = NO;
				MTL_FAST_MATH = YES;
				SDKROOT = iphoneos;
				SWIFT_COMPILATION_MODE = wholemodule;
				VALIDATE_PRODUCT = YES;
			};
			name = Release;
		};
		3C7FD5132E16A2CC00589D61 /* Debug */ = {
			isa = XCBuildConfiguration;
			buildSettings = {
				ASSETCATALOG_COMPILER_APPICON_NAME = AppIcon;
				ASSETCATALOG_COMPILER_GLOBAL_ACCENT_COLOR_NAME = AccentColor;
				CODE_SIGN_STYLE = Automatic;
				CURRENT_PROJECT_VERSION = 1;
				DEVELOPMENT_TEAM = 62G4552DZG;
				ENABLE_PREVIEWS = YES;
				GENERATE_INFOPLIST_FILE = YES;
				INFOPLIST_KEY_UIApplicationSceneManifest_Generation = YES;
				INFOPLIST_KEY_UIApplicationSupportsIndirectInputEvents = YES;
				INFOPLIST_KEY_UILaunchScreen_Generation = YES;
				INFOPLIST_KEY_UISupportedInterfaceOrientations_iPad = "UIInterfaceOrientationPortrait UIInterfaceOrientationPortraitUpsideDown UIInterfaceOrientationLandscapeLeft UIInterfaceOrientationLandscapeRight";
				INFOPLIST_KEY_UISupportedInterfaceOrientations_iPhone = "UIInterfaceOrientationPortrait UIInterfaceOrientationLandscapeLeft UIInterfaceOrientationLandscapeRight";
				LD_RUNPATH_SEARCH_PATHS = (
					"$(inherited)",
					"@executable_path/Frameworks",
				);
				MARKETING_VERSION = 1.0;
				PRODUCT_BUNDLE_IDENTIFIER = Vitalik.InternshipProject;
				PRODUCT_NAME = "$(TARGET_NAME)";
				SWIFT_EMIT_LOC_STRINGS = YES;
				SWIFT_VERSION = 5.0;
				TARGETED_DEVICE_FAMILY = "1,2";
			};
			name = Debug;
		};
		3C7FD5142E16A2CC00589D61 /* Release */ = {
			isa = XCBuildConfiguration;
			buildSettings = {
				ASSETCATALOG_COMPILER_APPICON_NAME = AppIcon;
				ASSETCATALOG_COMPILER_GLOBAL_ACCENT_COLOR_NAME = AccentColor;
				CODE_SIGN_STYLE = Automatic;
				CURRENT_PROJECT_VERSION = 1;
				DEVELOPMENT_TEAM = 62G4552DZG;
				ENABLE_PREVIEWS = YES;
				GENERATE_INFOPLIST_FILE = YES;
				INFOPLIST_KEY_UIApplicationSceneManifest_Generation = YES;
				INFOPLIST_KEY_UIApplicationSupportsIndirectInputEvents = YES;
				INFOPLIST_KEY_UILaunchScreen_Generation = YES;
				INFOPLIST_KEY_UISupportedInterfaceOrientations_iPad = "UIInterfaceOrientationPortrait UIInterfaceOrientationPortraitUpsideDown UIInterfaceOrientationLandscapeLeft UIInterfaceOrientationLandscapeRight";
				INFOPLIST_KEY_UISupportedInterfaceOrientations_iPhone = "UIInterfaceOrientationPortrait UIInterfaceOrientationLandscapeLeft UIInterfaceOrientationLandscapeRight";
				LD_RUNPATH_SEARCH_PATHS = (
					"$(inherited)",
					"@executable_path/Frameworks",
				);
				MARKETING_VERSION = 1.0;
				PRODUCT_BUNDLE_IDENTIFIER = Vitalik.InternshipProject;
				PRODUCT_NAME = "$(TARGET_NAME)";
				SWIFT_EMIT_LOC_STRINGS = YES;
				SWIFT_VERSION = 5.0;
				TARGETED_DEVICE_FAMILY = "1,2";
			};
			name = Release;
		};
		3C7FD5162E16A2CC00589D61 /* Debug */ = {
			isa = XCBuildConfiguration;
			buildSettings = {
				BUNDLE_LOADER = "$(TEST_HOST)";
				CODE_SIGN_STYLE = Automatic;
				CURRENT_PROJECT_VERSION = 1;
				GENERATE_INFOPLIST_FILE = YES;
				IPHONEOS_DEPLOYMENT_TARGET = 18.5;
				MARKETING_VERSION = 1.0;
				PRODUCT_BUNDLE_IDENTIFIER = Vitalik.InternshipProjectTests;
				PRODUCT_NAME = "$(TARGET_NAME)";
				SWIFT_EMIT_LOC_STRINGS = NO;
				SWIFT_VERSION = 5.0;
				TARGETED_DEVICE_FAMILY = "1,2";
				TEST_HOST = "$(BUILT_PRODUCTS_DIR)/InternshipProject.app/$(BUNDLE_EXECUTABLE_FOLDER_PATH)/InternshipProject";
			};
			name = Debug;
		};
		3C7FD5172E16A2CC00589D61 /* Release */ = {
			isa = XCBuildConfiguration;
			buildSettings = {
				BUNDLE_LOADER = "$(TEST_HOST)";
				CODE_SIGN_STYLE = Automatic;
				CURRENT_PROJECT_VERSION = 1;
				GENERATE_INFOPLIST_FILE = YES;
				IPHONEOS_DEPLOYMENT_TARGET = 18.5;
				MARKETING_VERSION = 1.0;
				PRODUCT_BUNDLE_IDENTIFIER = Vitalik.InternshipProjectTests;
				PRODUCT_NAME = "$(TARGET_NAME)";
				SWIFT_EMIT_LOC_STRINGS = NO;
				SWIFT_VERSION = 5.0;
				TARGETED_DEVICE_FAMILY = "1,2";
				TEST_HOST = "$(BUILT_PRODUCTS_DIR)/InternshipProject.app/$(BUNDLE_EXECUTABLE_FOLDER_PATH)/InternshipProject";
			};
			name = Release;
		};
		3C7FD5192E16A2CC00589D61 /* Debug */ = {
			isa = XCBuildConfiguration;
			buildSettings = {
				CODE_SIGN_STYLE = Automatic;
				CURRENT_PROJECT_VERSION = 1;
				GENERATE_INFOPLIST_FILE = YES;
				MARKETING_VERSION = 1.0;
				PRODUCT_BUNDLE_IDENTIFIER = Vitalik.InternshipProjectUITests;
				PRODUCT_NAME = "$(TARGET_NAME)";
				SWIFT_EMIT_LOC_STRINGS = NO;
				SWIFT_VERSION = 5.0;
				TARGETED_DEVICE_FAMILY = "1,2";
				TEST_TARGET_NAME = InternshipProject;
			};
			name = Debug;
		};
		3C7FD51A2E16A2CC00589D61 /* Release */ = {
			isa = XCBuildConfiguration;
			buildSettings = {
				CODE_SIGN_STYLE = Automatic;
				CURRENT_PROJECT_VERSION = 1;
				GENERATE_INFOPLIST_FILE = YES;
				MARKETING_VERSION = 1.0;
				PRODUCT_BUNDLE_IDENTIFIER = Vitalik.InternshipProjectUITests;
				PRODUCT_NAME = "$(TARGET_NAME)";
				SWIFT_EMIT_LOC_STRINGS = NO;
				SWIFT_VERSION = 5.0;
				TARGETED_DEVICE_FAMILY = "1,2";
				TEST_TARGET_NAME = InternshipProject;
			};
			name = Release;
		};
/* End XCBuildConfiguration section */

/* Begin XCConfigurationList section */
		3C7FD4EC2E16A2CB00589D61 /* Build configuration list for PBXProject "InternshipProject" */ = {
			isa = XCConfigurationList;
			buildConfigurations = (
				3C7FD5102E16A2CC00589D61 /* Debug */,
				3C7FD5112E16A2CC00589D61 /* Release */,
			);
			defaultConfigurationIsVisible = 0;
			defaultConfigurationName = Release;
		};
		3C7FD5122E16A2CC00589D61 /* Build configuration list for PBXNativeTarget "InternshipProject" */ = {
			isa = XCConfigurationList;
			buildConfigurations = (
				3C7FD5132E16A2CC00589D61 /* Debug */,
				3C7FD5142E16A2CC00589D61 /* Release */,
			);
			defaultConfigurationIsVisible = 0;
			defaultConfigurationName = Release;
		};
		3C7FD5152E16A2CC00589D61 /* Build configuration list for PBXNativeTarget "InternshipProjectTests" */ = {
			isa = XCConfigurationList;
			buildConfigurations = (
				3C7FD5162E16A2CC00589D61 /* Debug */,
				3C7FD5172E16A2CC00589D61 /* Release */,
			);
			defaultConfigurationIsVisible = 0;
			defaultConfigurationName = Release;
		};
		3C7FD5182E16A2CC00589D61 /* Build configuration list for PBXNativeTarget "InternshipProjectUITests" */ = {
			isa = XCConfigurationList;
			buildConfigurations = (
				3C7FD5192E16A2CC00589D61 /* Debug */,
				3C7FD51A2E16A2CC00589D61 /* Release */,
			);
			defaultConfigurationIsVisible = 0;
			defaultConfigurationName = Release;
		};
/* End XCConfigurationList section */
	};
	rootObject = 3C7FD4E92E16A2CB00589D61 /* Project object */;
}
